
Microsoft Visual Studio Solution File, Format Version 12.00
# Visual Studio Version 17
VisualStudioVersion = 17.0.32002.185
MinimumVisualStudioVersion = 10.0.40219.1
Project("{FAE04EC0-301F-11D3-BF4B-00C04F79EFBC}") = "Serialization", "Serialization.csproj", "{C568EB4A-E351-4423-8944-C2259420CE67}"
EndProject
Global
	GlobalSection(SolutionConfigurationPlatforms) = preSolution
		Debug|Any CPU = Debug|Any CPU
		Release|Any CPU = Release|Any CPU
	EndGlobalSection
	GlobalSection(ProjectConfigurationPlatforms) = postSolution
		{C568EB4A-E351-4423-8944-C2259420CE67}.Debug|Any CPU.ActiveCfg = Debug|Any CPU
		{C568EB4A-E351-4423-8944-C2259420CE67}.Debug|Any CPU.Build.0 = Debug|Any CPU
		{C568EB4A-E351-4423-8944-C2259420CE67}.Release|Any CPU.ActiveCfg = Release|Any CPU
		{C568EB4A-E351-4423-8944-C2259420CE67}.Release|Any CPU.Build.0 = Release|Any CPU
	EndGlobalSection
	GlobalSection(SolutionProperties) = preSolution
		HideSolutionNode = FALSE
	EndGlobalSection
	GlobalSection(ExtensibilityGlobals) = postSolution
		SolutionGuid = {7D8995DF-259A-46B2-8858-3942096E2EF9}
	EndGlobalSection
EndGlobal
